
Microsoft Visual Studio Solution File, Format Version 12.00
# Visual Studio Version 17
VisualStudioVersion = 17.1.32328.378
MinimumVisualStudioVersion = 10.0.40219.1
Project("{FAE04EC0-301F-11D3-BF4B-00C04F79EFBC}") = "Collatz", "Collatz\Collatz.csproj", "{F8ED47A4-5C80-4608-AA48-7FAEBFA50CB8}"
EndProject
Global
	GlobalSection(SolutionConfigurationPlatforms) = preSolution
		Debug|Any CPU = Debug|Any CPU
		Release|Any CPU = Release|Any CPU
	EndGlobalSection
	GlobalSection(ProjectConfigurationPlatforms) = postSolution
		{F8ED47A4-5C80-4608-AA48-7FAEBFA50CB8}.Debug|Any CPU.ActiveCfg = Debug|Any CPU
		{F8ED47A4-5C80-4608-AA48-7FAEBFA50CB8}.Debug|Any CPU.Build.0 = Debug|Any CPU
		{F8ED47A4-5C80-4608-AA48-7FAEBFA50CB8}.Release|Any CPU.ActiveCfg = Release|Any CPU
		{F8ED47A4-5C80-4608-AA48-7FAEBFA50CB8}.Release|Any CPU.Build.0 = Release|Any CPU
	EndGlobalSection
	GlobalSection(SolutionProperties) = preSolution
		HideSolutionNode = FALSE
	EndGlobalSection
	GlobalSection(ExtensibilityGlobals) = postSolution
		SolutionGuid = {515A8D10-4B1A-4D72-B3D6-4BC7E8A4DE9A}
	EndGlobalSection
EndGlobal
